{
    "_readme": [
        "This file locks the dependencies of your project to a known state",
        "Read more about it at http://getcomposer.org/doc/01-basic-usage.md#composer-lock-the-lock-file",
        "This file is @generated automatically"
    ],
    "hash": "ba5ab29a424cd049912ae9fa45119163",
    "packages": [
        {
            "name": "guzzle/guzzle",
            "version": "v3.9.3",
            "source": {
                "type": "git",
                "url": "https://github.com/guzzle/guzzle3.git",
                "reference": "0645b70d953bc1c067bbc8d5bc53194706b628d9"
            },
            "dist": {
                "type": "zip",
                "url": "https://api.github.com/repos/guzzle/guzzle3/zipball/0645b70d953bc1c067bbc8d5bc53194706b628d9",
                "reference": "0645b70d953bc1c067bbc8d5bc53194706b628d9",
                "shasum": ""
            },
            "require": {
                "ext-curl": "*",
                "php": ">=5.3.3",
                "symfony/event-dispatcher": "~2.1"
            },
            "replace": {
                "guzzle/batch": "self.version",
                "guzzle/cache": "self.version",
                "guzzle/common": "self.version",
                "guzzle/http": "self.version",
                "guzzle/inflection": "self.version",
                "guzzle/iterator": "self.version",
                "guzzle/log": "self.version",
                "guzzle/parser": "self.version",
                "guzzle/plugin": "self.version",
                "guzzle/plugin-async": "self.version",
                "guzzle/plugin-backoff": "self.version",
                "guzzle/plugin-cache": "self.version",
                "guzzle/plugin-cookie": "self.version",
                "guzzle/plugin-curlauth": "self.version",
                "guzzle/plugin-error-response": "self.version",
                "guzzle/plugin-history": "self.version",
                "guzzle/plugin-log": "self.version",
                "guzzle/plugin-md5": "self.version",
                "guzzle/plugin-mock": "self.version",
                "guzzle/plugin-oauth": "self.version",
                "guzzle/service": "self.version",
                "guzzle/stream": "self.version"
            },
            "require-dev": {
                "doctrine/cache": "~1.3",
                "monolog/monolog": "~1.0",
                "phpunit/phpunit": "3.7.*",
                "psr/log": "~1.0",
                "symfony/class-loader": "~2.1",
                "zendframework/zend-cache": "2.*,<2.3",
                "zendframework/zend-log": "2.*,<2.3"
            },
            "suggest": {
                "guzzlehttp/guzzle": "Guzzle 5 has moved to a new package name. The package you have installed, Guzzle 3, is deprecated."
            },
            "type": "library",
            "extra": {
                "branch-alias": {
                    "dev-master": "3.9-dev"
                }
            },
            "autoload": {
                "psr-0": {
                    "Guzzle": "src/",
                    "Guzzle\\Tests": "tests/"
                }
            },
            "notification-url": "https://packagist.org/downloads/",
            "license": [
                "MIT"
            ],
            "authors": [
                {
                    "name": "Michael Dowling",
                    "email": "mtdowling@gmail.com",
                    "homepage": "https://github.com/mtdowling"
                },
                {
                    "name": "Guzzle Community",
                    "homepage": "https://github.com/guzzle/guzzle/contributors"
                }
            ],
            "description": "PHP HTTP client. This library is deprecated in favor of https://packagist.org/packages/guzzlehttp/guzzle",
            "homepage": "http://guzzlephp.org/",
            "keywords": [
                "client",
                "curl",
                "framework",
                "http",
                "http client",
                "rest",
                "web service"
            ],
            "time": "2015-03-18 18:23:50"
        },
        {
            "name": "league/oauth2-client",
            "version": "0.3",
            "source": {
                "type": "git",
                "url": "https://github.com/thephpleague/oauth2-client.git",
                "reference": "d6d06948b80f7d2f71c2aaffb9ee14ac900ea33c"
            },
            "dist": {
                "type": "zip",
                "url": "https://api.github.com/repos/thephpleague/oauth2-client/zipball/d6d06948b80f7d2f71c2aaffb9ee14ac900ea33c",
                "reference": "d6d06948b80f7d2f71c2aaffb9ee14ac900ea33c",
                "shasum": ""
            },
            "require": {
                "guzzle/guzzle": "*",
                "php": ">=5.3.0"
            },
            "require-dev": {
                "fabpot/php-cs-fixer": "0.4.*@dev",
                "mockery/mockery": "dev-master",
                "phpunit/phpunit": "*"
            },
            "type": "library",
            "autoload": {
                "psr-4": {
                    "League\\OAuth2\\Client\\": "src/",
                    "LeagueTest\\OAuth2\\Client\\": "test/src/"
                }
            },
            "notification-url": "https://packagist.org/downloads/",
            "license": [
                "MIT"
            ],
            "authors": [
                {
                    "name": "Alex Bilbie",
                    "email": "hello@alexbilbie.com",
                    "homepage": "http://www.alexbilbie.com",
                    "role": "Developer"
                }
            ],
            "description": "OAuth 2.0 Client Library",
            "keywords": [
                "Authentication",
                "SSO",
                "authorization",
                "identity",
                "idp",
                "oauth",
                "oauth2",
                "single sign on"
            ],
            "time": "2014-04-26 16:55:20"
        },
        {
            "name": "league/oauth2-server",
            "version": "2.1.3",
            "source": {
                "type": "git",
                "url": "https://github.com/thephpleague/oauth2-server.git",
                "reference": "a9b52ab56a5bac383f7d300aec2e234285d7f861"
            },
            "dist": {
                "type": "zip",
                "url": "https://api.github.com/repos/thephpleague/oauth2-server/zipball/a9b52ab56a5bac383f7d300aec2e234285d7f861",
                "reference": "a9b52ab56a5bac383f7d300aec2e234285d7f861",
                "shasum": ""
            },
            "require": {
                "php": ">=5.3.0"
            },
            "replace": {
                "league/oauth2server": "*",
                "lncd/oauth2": "*"
            },
            "require-dev": {
                "mockery/mockery": ">=0.7.2"
            },
            "suggest": {
                "zetacomponents/database": "Allows use of the build in PDO storage classes"
            },
            "type": "library",
            "autoload": {
                "psr-0": {
                    "League\\OAuth2\\Server": "src/"
                }
            },
            "notification-url": "https://packagist.org/downloads/",
            "license": [
                "MIT"
            ],
            "authors": [
                {
                    "name": "Alex Bilbie",
                    "email": "hello@alexbilbie.com",
                    "homepage": "http://www.alexbilbie.com",
                    "role": "Developer"
                }
            ],
            "description": "A lightweight and powerful OAuth 2.0 authorization and resource server library with support for all the core specification grants. This library will allow you to secure your API with OAuth and allow your applications users to approve apps that want to access their data from your API.",
            "homepage": "https://github.com/php-loep/oauth2-server",
            "keywords": [
                "Authentication",
                "api",
                "authorization",
                "oauth",
                "oauth2",
                "resource",
                "server"
            ],
            "time": "2014-05-23 15:29:49"
        },
        {
            "name": "objectiveweb/auth",
            "version": "dev-master",
            "source": {
                "type": "git",
                "url": "git://github.com/objectiveweb/auth.git",
                "reference": "2bbfed20cd1d0970d13960aa990e08e12b1060ba"
            },
            "require": {
                "php": ">=5.3.0"
            },
            "require-dev": {
                "phpunit/phpunit": "4.5.*"
            },
            "type": "library",
            "autoload": {
                "psr-4": {
                    "Objectiveweb\\": "src"
                }
            },
            "license": [
                "MIT"
            ],
            "authors": [
                {
                    "name": "Guilherme Barile"
                }
            ],
            "description": "Authentication library",
            "support": {
                "issues": "https://github.com/bravado/objectiveweb/issues"
            },
            "time": "2015-04-11 14:20:55"
        },
        {
            "name": "objectiveweb/db",
            "version": "dev-master",
            "source": {
                "type": "git",
                "url": "git://github.com/objectiveweb/db.git",
                "reference": "eb7544ed8a6caabb8c96ee46b28db9b0fbe2944a"
            },
            "require": {
                "php": ">=5.3.0"
            },
            "require-dev": {
                "phpunit/phpunit": "4.5.*"
            },
            "type": "library",
            "autoload": {
                "psr-4": {
                    "Objectiveweb\\": "src/"
                }
            },
            "license": [
                "MIT"
            ],
            "authors": [
                {
                    "name": "Guilherme Barile",
                    "homepage": "https://guigouz.github.io"
                }
            ],
            "description": "Database Abstraction Layer and Management Frontend",
            "keywords": [
                "db",
                "sql",
                "ui"
            ],
            "time": "2015-03-29 18:38:14"
        },
        {
            "name": "objectiveweb/router",
            "version": "dev-master",
            "source": {
                "type": "git",
                "url": "git://github.com/objectiveweb/router.git",
                "reference": "c53b1add1035629c18ca6a5b034543027523c7aa"
            },
            "type": "library",
            "autoload": {
                "psr-4": {
                    "Objectiveweb\\": "src/"
                }
            },
            "license": [
                "MIT"
            ],
            "authors": [
                {
                    "name": "Guilherme Barile"
                }
            ],
            "description": "Objectiveweb's URL Router",
            "time": "2014-06-09 16:51:04"
        },
        {
            "name": "symfony/event-dispatcher",
            "version": "v2.6.6",
            "target-dir": "Symfony/Component/EventDispatcher",
            "source": {
                "type": "git",
                "url": "https://github.com/symfony/EventDispatcher.git",
                "reference": "70f7c8478739ad21e3deef0d977b38c77f1fb284"
            },
            "dist": {
                "type": "zip",
                "url": "https://api.github.com/repos/symfony/EventDispatcher/zipball/70f7c8478739ad21e3deef0d977b38c77f1fb284",
                "reference": "70f7c8478739ad21e3deef0d977b38c77f1fb284",
                "shasum": ""
            },
            "require": {
                "php": ">=5.3.3"
            },
            "require-dev": {
                "psr/log": "~1.0",
                "symfony/config": "~2.0,>=2.0.5",
                "symfony/dependency-injection": "~2.6",
                "symfony/expression-language": "~2.6",
                "symfony/phpunit-bridge": "~2.7",
                "symfony/stopwatch": "~2.3"
            },
            "suggest": {
                "symfony/dependency-injection": "",
                "symfony/http-kernel": ""
            },
            "type": "library",
            "extra": {
                "branch-alias": {
                    "dev-master": "2.6-dev"
                }
            },
            "autoload": {
                "psr-0": {
                    "Symfony\\Component\\EventDispatcher\\": ""
                }
            },
            "notification-url": "https://packagist.org/downloads/",
            "license": [
                "MIT"
            ],
            "authors": [
                {
                    "name": "Symfony Community",
                    "homepage": "http://symfony.com/contributors"
                },
                {
                    "name": "Fabien Potencier",
                    "email": "fabien@symfony.com"
                }
            ],
            "description": "Symfony EventDispatcher Component",
            "homepage": "http://symfony.com",
            "time": "2015-03-13 17:37:22"
        }
    ],
    "packages-dev": [],
    "aliases": [],
    "minimum-stability": "stable",
    "stability-flags": {
        "objectiveweb/router": 20,
        "objectiveweb/db": 20,
        "objectiveweb/auth": 20
    },
    "prefer-stable": false,
    "prefer-lowest": false,
    "platform": [],
    "platform-dev": []
}
